
Microsoft Visual Studio Solution File, Format Version 12.00
# Visual Studio 15
VisualStudioVersion = 15.0.27004.2006
MinimumVisualStudioVersion = 10.0.40219.1
Project("{FAE04EC0-301F-11D3-BF4B-00C04F79EFBC}") = "HelpDeskBot", "HelpDeskBot.csproj", "{4F2F584B-3F81-4418-A71F-5AB87D5779FA}"
EndProject
Global
	GlobalSection(SolutionConfigurationPlatforms) = preSolution
		Debug|Any CPU = Debug|Any CPU
		Release|Any CPU = Release|Any CPU
	EndGlobalSection
	GlobalSection(ProjectConfigurationPlatforms) = postSolution
		{4F2F584B-3F81-4418-A71F-5AB87D5779FA}.Debug|Any CPU.ActiveCfg = Debug|Any CPU
		{4F2F584B-3F81-4418-A71F-5AB87D5779FA}.Debug|Any CPU.Build.0 = Debug|Any CPU
		{4F2F584B-3F81-4418-A71F-5AB87D5779FA}.Release|Any CPU.ActiveCfg = Release|Any CPU
		{4F2F584B-3F81-4418-A71F-5AB87D5779FA}.Release|Any CPU.Build.0 = Release|Any CPU
	EndGlobalSection
	GlobalSection(SolutionProperties) = preSolution
		HideSolutionNode = FALSE
	EndGlobalSection
	GlobalSection(ExtensibilityGlobals) = postSolution
		SolutionGuid = {CC2664E5-0AC1-4633-ABF2-4C5F6B6016EE}
	EndGlobalSection
EndGlobal
